
Microsoft Visual Studio Solution File, Format Version 12.00
# Visual Studio Version 17
VisualStudioVersion = 17.9.34728.123
MinimumVisualStudioVersion = 10.0.40219.1
Project("{9A19103F-16F7-4668-BE54-9A1E7A4F7556}") = "ConsoleApp1", "ConsoleApp1\ConsoleApp1.csproj", "{0CF8C83C-9831-4D4E-AE9A-BC98F7D09A89}"
EndProject
Project("{9A19103F-16F7-4668-BE54-9A1E7A4F7556}") = "ConsoleApp3Tests", "ConsoleApp1Tests\ConsoleApp3Tests.csproj", "{2AB31105-F2C1-4B94-86AD-36A4EA130D11}"
EndProject
Global
	GlobalSection(SolutionConfigurationPlatforms) = preSolution
		Debug|Any CPU = Debug|Any CPU
		Release|Any CPU = Release|Any CPU
	EndGlobalSection
	GlobalSection(ProjectConfigurationPlatforms) = postSolution
		{0CF8C83C-9831-4D4E-AE9A-BC98F7D09A89}.Debug|Any CPU.ActiveCfg = Debug|Any CPU
		{0CF8C83C-9831-4D4E-AE9A-BC98F7D09A89}.Debug|Any CPU.Build.0 = Debug|Any CPU
		{0CF8C83C-9831-4D4E-AE9A-BC98F7D09A89}.Release|Any CPU.ActiveCfg = Release|Any CPU
		{0CF8C83C-9831-4D4E-AE9A-BC98F7D09A89}.Release|Any CPU.Build.0 = Release|Any CPU
		{2AB31105-F2C1-4B94-86AD-36A4EA130D11}.Debug|Any CPU.ActiveCfg = Debug|Any CPU
		{2AB31105-F2C1-4B94-86AD-36A4EA130D11}.Debug|Any CPU.Build.0 = Debug|Any CPU
		{2AB31105-F2C1-4B94-86AD-36A4EA130D11}.Release|Any CPU.ActiveCfg = Release|Any CPU
		{2AB31105-F2C1-4B94-86AD-36A4EA130D11}.Release|Any CPU.Build.0 = Release|Any CPU
	EndGlobalSection
	GlobalSection(SolutionProperties) = preSolution
		HideSolutionNode = FALSE
	EndGlobalSection
	GlobalSection(ExtensibilityGlobals) = postSolution
		SolutionGuid = {7AA23C10-A7DE-4F2A-9DDE-FA7E5B2FEEBD}
	EndGlobalSection
EndGlobal
